// !$*UTF8*$!
{
	archiveVersion = 1;
	classes = {
	};
	objectVersion = 51;
	objects = {

/* Begin PBXBuildFile section */
		3F3A11D022EA4CF3005F4ACA /* Quest.storyboard in Resources */ = {isa = PBXBuildFile; fileRef = 3F3A11CF22EA4CF3005F4ACA /* Quest.storyboard */; };
		3F3A11D222EA5068005F4ACA /* Sara.storyboard in Resources */ = {isa = PBXBuildFile; fileRef = 3F3A11D122EA5068005F4ACA /* Sara.storyboard */; };
		3F3A11D422EA523D005F4ACA /* Lia.storyboard in Resources */ = {isa = PBXBuildFile; fileRef = 3F3A11D322EA523D005F4ACA /* Lia.storyboard */; };
		3F3A11D622EA5248005F4ACA /* Daniel.storyboard in Resources */ = {isa = PBXBuildFile; fileRef = 3F3A11D522EA5248005F4ACA /* Daniel.storyboard */; };
		3F83306822E6192C0067CBFB /* ViewController.swift in Sources */ = {isa = PBXBuildFile; fileRef = 3F83306722E6192C0067CBFB /* ViewController.swift */; };
		3F89210E22E6187300EF2193 /* GoogleService-Info.plist in Resources */ = {isa = PBXBuildFile; fileRef = 3F89210D22E6187300EF2193 /* GoogleService-Info.plist */; };
		3FA80C3A22E7B8E400B36517 /* Quests.swift in Sources */ = {isa = PBXBuildFile; fileRef = 3FA80C3922E7B8E400B36517 /* Quests.swift */; };
		3FA80C3C22E7B90000B36517 /* QuestsViewController.swift in Sources */ = {isa = PBXBuildFile; fileRef = 3FA80C3B22E7B90000B36517 /* QuestsViewController.swift */; };
		3FA80C3E22E7B91900B36517 /* addQuestViewController.swift in Sources */ = {isa = PBXBuildFile; fileRef = 3FA80C3D22E7B91900B36517 /* addQuestViewController.swift */; };
		3FA80C4022E7B93300B36517 /* SectionList.swift in Sources */ = {isa = PBXBuildFile; fileRef = 3FA80C3F22E7B93300B36517 /* SectionList.swift */; };
		553D503D22EA573700EFFCC2 /* TutorialViewController.swift in Sources */ = {isa = PBXBuildFile; fileRef = 553D503C22EA573700EFFCC2 /* TutorialViewController.swift */; };
		553D504122EA5CCB00EFFCC2 /* Slide.swift in Sources */ = {isa = PBXBuildFile; fileRef = 553D504022EA5CCB00EFFCC2 /* Slide.swift */; };
		553D504322EA5D1200EFFCC2 /* Slide.xib in Resources */ = {isa = PBXBuildFile; fileRef = 553D504222EA5D1200EFFCC2 /* Slide.xib */; };
		56A0F88E2E6654645BEC27AC /* Pods_iGenUITests.framework in Frameworks */ = {isa = PBXBuildFile; fileRef = 18BA21222B5E094F14BCB6B5 /* Pods_iGenUITests.framework */; };
		67CC08621F84D8FD3E707DE5 /* Pods_iGenTests.framework in Frameworks */ = {isa = PBXBuildFile; fileRef = 7D124EA656C4C5FC537588DF /* Pods_iGenTests.framework */; };
		8F06438D22EF93A5001CF78D /* editQuestViewController.swift in Sources */ = {isa = PBXBuildFile; fileRef = 8F06438C22EF93A5001CF78D /* editQuestViewController.swift */; };
		8F4BEA1922E8CF76006A9CFB /* DesignHelper.swift in Sources */ = {isa = PBXBuildFile; fileRef = 8F4BEA1822E8CF76006A9CFB /* DesignHelper.swift */; };
		8F8F516422E2669800623B34 /* AppDelegate.swift in Sources */ = {isa = PBXBuildFile; fileRef = 8F8F516322E2669800623B34 /* AppDelegate.swift */; };
		8F8F516922E2669800623B34 /* Main.storyboard in Resources */ = {isa = PBXBuildFile; fileRef = 8F8F516722E2669800623B34 /* Main.storyboard */; };
		8F8F516B22E2669A00623B34 /* Assets.xcassets in Resources */ = {isa = PBXBuildFile; fileRef = 8F8F516A22E2669A00623B34 /* Assets.xcassets */; };
		8F8F516E22E2669A00623B34 /* LaunchScreen.storyboard in Resources */ = {isa = PBXBuildFile; fileRef = 8F8F516C22E2669A00623B34 /* LaunchScreen.storyboard */; };
		8F8F517922E2669A00623B34 /* iGenTests.swift in Sources */ = {isa = PBXBuildFile; fileRef = 8F8F517822E2669A00623B34 /* iGenTests.swift */; };
		8F8F518422E2669A00623B34 /* iGenUITests.swift in Sources */ = {isa = PBXBuildFile; fileRef = 8F8F518322E2669A00623B34 /* iGenUITests.swift */; };
		AE1581DD22EB788A00ED9427 /* liaAlertPasswordViewController.swift in Sources */ = {isa = PBXBuildFile; fileRef = AE1581DC22EB788A00ED9427 /* liaAlertPasswordViewController.swift */; };
		AEC64C1522EA63AC00D5DC37 /* liaSettingViewController.swift in Sources */ = {isa = PBXBuildFile; fileRef = AEC64C1422EA63AC00D5DC37 /* liaSettingViewController.swift */; };
		AEC64C1822EA64CF00D5DC37 /* MyCustomTableViewCell.swift in Sources */ = {isa = PBXBuildFile; fileRef = AEC64C1622EA64CF00D5DC37 /* MyCustomTableViewCell.swift */; };
		AEC64C1922EA64CF00D5DC37 /* MyCustomTableViewCell.xib in Resources */ = {isa = PBXBuildFile; fileRef = AEC64C1722EA64CF00D5DC37 /* MyCustomTableViewCell.xib */; };
		FB68FEEFE2B0808B94799EC3 /* Pods_iGen.framework in Frameworks */ = {isa = PBXBuildFile; fileRef = CCC0FA25E6417F6ABC80C8D8 /* Pods_iGen.framework */; };
/* End PBXBuildFile section */

/* Begin PBXContainerItemProxy section */
		8F8F517522E2669A00623B34 /* PBXContainerItemProxy */ = {
			isa = PBXContainerItemProxy;
			containerPortal = 8F8F515822E2669800623B34 /* Project object */;
			proxyType = 1;
			remoteGlobalIDString = 8F8F515F22E2669800623B34;
			remoteInfo = iGen;
		};
		8F8F518022E2669A00623B34 /* PBXContainerItemProxy */ = {
			isa = PBXContainerItemProxy;
			containerPortal = 8F8F515822E2669800623B34 /* Project object */;
			proxyType = 1;
			remoteGlobalIDString = 8F8F515F22E2669800623B34;
			remoteInfo = iGen;
		};
/* End PBXContainerItemProxy section */

/* Begin PBXFileReference section */
		02440AB8AAEBC0E28B645667 /* Pods-iGenUITests.debug.xcconfig */ = {isa = PBXFileReference; includeInIndex = 1; lastKnownFileType = text.xcconfig; name = "Pods-iGenUITests.debug.xcconfig"; path = "Target Support Files/Pods-iGenUITests/Pods-iGenUITests.debug.xcconfig"; sourceTree = "<group>"; };
		185DC57B80D1494A4B6E3A8C /* Pods-iGen.debug.xcconfig */ = {isa = PBXFileReference; includeInIndex = 1; lastKnownFileType = text.xcconfig; name = "Pods-iGen.debug.xcconfig"; path = "Target Support Files/Pods-iGen/Pods-iGen.debug.xcconfig"; sourceTree = "<group>"; };
		18BA21222B5E094F14BCB6B5 /* Pods_iGenUITests.framework */ = {isa = PBXFileReference; explicitFileType = wrapper.framework; includeInIndex = 0; path = Pods_iGenUITests.framework; sourceTree = BUILT_PRODUCTS_DIR; };
		226A9A9229CB0F8EB5FA0FEF /* Pods-iGen.release.xcconfig */ = {isa = PBXFileReference; includeInIndex = 1; lastKnownFileType = text.xcconfig; name = "Pods-iGen.release.xcconfig"; path = "Target Support Files/Pods-iGen/Pods-iGen.release.xcconfig"; sourceTree = "<group>"; };
		2E4ADB65A4B790304DD751A0 /* Pods-iGenTests.release.xcconfig */ = {isa = PBXFileReference; includeInIndex = 1; lastKnownFileType = text.xcconfig; name = "Pods-iGenTests.release.xcconfig"; path = "Target Support Files/Pods-iGenTests/Pods-iGenTests.release.xcconfig"; sourceTree = "<group>"; };
		3F3A11CF22EA4CF3005F4ACA /* Quest.storyboard */ = {isa = PBXFileReference; lastKnownFileType = file.storyboard; path = Quest.storyboard; sourceTree = "<group>"; };
		3F3A11D122EA5068005F4ACA /* Sara.storyboard */ = {isa = PBXFileReference; lastKnownFileType = file.storyboard; path = Sara.storyboard; sourceTree = "<group>"; };
		3F3A11D322EA523D005F4ACA /* Lia.storyboard */ = {isa = PBXFileReference; lastKnownFileType = file.storyboard; path = Lia.storyboard; sourceTree = "<group>"; };
		3F3A11D522EA5248005F4ACA /* Daniel.storyboard */ = {isa = PBXFileReference; lastKnownFileType = file.storyboard; path = Daniel.storyboard; sourceTree = "<group>"; };
		3F83306722E6192C0067CBFB /* ViewController.swift */ = {isa = PBXFileReference; fileEncoding = 4; lastKnownFileType = sourcecode.swift; path = ViewController.swift; sourceTree = "<group>"; };
		3F89210D22E6187300EF2193 /* GoogleService-Info.plist */ = {isa = PBXFileReference; fileEncoding = 4; lastKnownFileType = text.plist.xml; path = "GoogleService-Info.plist"; sourceTree = SOURCE_ROOT; };
		3FA80C3922E7B8E400B36517 /* Quests.swift */ = {isa = PBXFileReference; lastKnownFileType = sourcecode.swift; path = Quests.swift; sourceTree = "<group>"; };
		3FA80C3B22E7B90000B36517 /* QuestsViewController.swift */ = {isa = PBXFileReference; lastKnownFileType = sourcecode.swift; path = QuestsViewController.swift; sourceTree = "<group>"; };
		3FA80C3D22E7B91900B36517 /* addQuestViewController.swift */ = {isa = PBXFileReference; lastKnownFileType = sourcecode.swift; path = addQuestViewController.swift; sourceTree = "<group>"; };
		3FA80C3F22E7B93300B36517 /* SectionList.swift */ = {isa = PBXFileReference; lastKnownFileType = sourcecode.swift; path = SectionList.swift; sourceTree = "<group>"; };
		553D503C22EA573700EFFCC2 /* TutorialViewController.swift */ = {isa = PBXFileReference; lastKnownFileType = sourcecode.swift; path = TutorialViewController.swift; sourceTree = "<group>"; };
		553D504022EA5CCB00EFFCC2 /* Slide.swift */ = {isa = PBXFileReference; lastKnownFileType = sourcecode.swift; path = Slide.swift; sourceTree = "<group>"; };
		553D504222EA5D1200EFFCC2 /* Slide.xib */ = {isa = PBXFileReference; lastKnownFileType = file.xib; path = Slide.xib; sourceTree = "<group>"; };
		6481EA1BE883923E34359232 /* Pods-iGenTests.debug.xcconfig */ = {isa = PBXFileReference; includeInIndex = 1; lastKnownFileType = text.xcconfig; name = "Pods-iGenTests.debug.xcconfig"; path = "Target Support Files/Pods-iGenTests/Pods-iGenTests.debug.xcconfig"; sourceTree = "<group>"; };
		66FCB0F6BAFC8FE7802F9F82 /* Pods-iGenUITests.release.xcconfig */ = {isa = PBXFileReference; includeInIndex = 1; lastKnownFileType = text.xcconfig; name = "Pods-iGenUITests.release.xcconfig"; path = "Target Support Files/Pods-iGenUITests/Pods-iGenUITests.release.xcconfig"; sourceTree = "<group>"; };
		7D124EA656C4C5FC537588DF /* Pods_iGenTests.framework */ = {isa = PBXFileReference; explicitFileType = wrapper.framework; includeInIndex = 0; path = Pods_iGenTests.framework; sourceTree = BUILT_PRODUCTS_DIR; };
		8F06438C22EF93A5001CF78D /* editQuestViewController.swift */ = {isa = PBXFileReference; lastKnownFileType = sourcecode.swift; path = editQuestViewController.swift; sourceTree = "<group>"; };
		8F4BEA1822E8CF76006A9CFB /* DesignHelper.swift */ = {isa = PBXFileReference; lastKnownFileType = sourcecode.swift; path = DesignHelper.swift; sourceTree = "<group>"; };
		8F8F516022E2669800623B34 /* iGen.app */ = {isa = PBXFileReference; explicitFileType = wrapper.application; includeInIndex = 0; path = iGen.app; sourceTree = BUILT_PRODUCTS_DIR; };
		8F8F516322E2669800623B34 /* AppDelegate.swift */ = {isa = PBXFileReference; lastKnownFileType = sourcecode.swift; path = AppDelegate.swift; sourceTree = "<group>"; };
		8F8F516822E2669800623B34 /* Base */ = {isa = PBXFileReference; lastKnownFileType = file.storyboard; name = Base; path = Base.lproj/Main.storyboard; sourceTree = "<group>"; };
		8F8F516A22E2669A00623B34 /* Assets.xcassets */ = {isa = PBXFileReference; lastKnownFileType = folder.assetcatalog; path = Assets.xcassets; sourceTree = "<group>"; };
		8F8F516D22E2669A00623B34 /* Base */ = {isa = PBXFileReference; lastKnownFileType = file.storyboard; name = Base; path = Base.lproj/LaunchScreen.storyboard; sourceTree = "<group>"; };
		8F8F516F22E2669A00623B34 /* Info.plist */ = {isa = PBXFileReference; lastKnownFileType = text.plist.xml; path = Info.plist; sourceTree = "<group>"; };
		8F8F517422E2669A00623B34 /* iGenTests.xctest */ = {isa = PBXFileReference; explicitFileType = wrapper.cfbundle; includeInIndex = 0; path = iGenTests.xctest; sourceTree = BUILT_PRODUCTS_DIR; };
		8F8F517822E2669A00623B34 /* iGenTests.swift */ = {isa = PBXFileReference; lastKnownFileType = sourcecode.swift; path = iGenTests.swift; sourceTree = "<group>"; };
		8F8F517A22E2669A00623B34 /* Info.plist */ = {isa = PBXFileReference; lastKnownFileType = text.plist.xml; path = Info.plist; sourceTree = "<group>"; };
		8F8F517F22E2669A00623B34 /* iGenUITests.xctest */ = {isa = PBXFileReference; explicitFileType = wrapper.cfbundle; includeInIndex = 0; path = iGenUITests.xctest; sourceTree = BUILT_PRODUCTS_DIR; };
		8F8F518322E2669A00623B34 /* iGenUITests.swift */ = {isa = PBXFileReference; lastKnownFileType = sourcecode.swift; path = iGenUITests.swift; sourceTree = "<group>"; };
		8F8F518522E2669A00623B34 /* Info.plist */ = {isa = PBXFileReference; lastKnownFileType = text.plist.xml; path = Info.plist; sourceTree = "<group>"; };
		AE1581DC22EB788A00ED9427 /* liaAlertPasswordViewController.swift */ = {isa = PBXFileReference; lastKnownFileType = sourcecode.swift; path = liaAlertPasswordViewController.swift; sourceTree = "<group>"; };
		AEC64C1422EA63AC00D5DC37 /* liaSettingViewController.swift */ = {isa = PBXFileReference; lastKnownFileType = sourcecode.swift; path = liaSettingViewController.swift; sourceTree = "<group>"; };
		AEC64C1622EA64CF00D5DC37 /* MyCustomTableViewCell.swift */ = {isa = PBXFileReference; lastKnownFileType = sourcecode.swift; path = MyCustomTableViewCell.swift; sourceTree = "<group>"; };
		AEC64C1722EA64CF00D5DC37 /* MyCustomTableViewCell.xib */ = {isa = PBXFileReference; lastKnownFileType = file.xib; path = MyCustomTableViewCell.xib; sourceTree = "<group>"; };
		CCC0FA25E6417F6ABC80C8D8 /* Pods_iGen.framework */ = {isa = PBXFileReference; explicitFileType = wrapper.framework; includeInIndex = 0; path = Pods_iGen.framework; sourceTree = BUILT_PRODUCTS_DIR; };
/* End PBXFileReference section */

/* Begin PBXFrameworksBuildPhase section */
		8F8F515D22E2669800623B34 /* Frameworks */ = {
			isa = PBXFrameworksBuildPhase;
			buildActionMask = 2147483647;
			files = (
				FB68FEEFE2B0808B94799EC3 /* Pods_iGen.framework in Frameworks */,
			);
			runOnlyForDeploymentPostprocessing = 0;
		};
		8F8F517122E2669A00623B34 /* Frameworks */ = {
			isa = PBXFrameworksBuildPhase;
			buildActionMask = 2147483647;
			files = (
				67CC08621F84D8FD3E707DE5 /* Pods_iGenTests.framework in Frameworks */,
			);
			runOnlyForDeploymentPostprocessing = 0;
		};
		8F8F517C22E2669A00623B34 /* Frameworks */ = {
			isa = PBXFrameworksBuildPhase;
			buildActionMask = 2147483647;
			files = (
				56A0F88E2E6654645BEC27AC /* Pods_iGenUITests.framework in Frameworks */,
			);
			runOnlyForDeploymentPostprocessing = 0;
		};
/* End PBXFrameworksBuildPhase section */

/* Begin PBXGroup section */
		531376230F15EBD73A83B2DD /* Frameworks */ = {
			isa = PBXGroup;
			children = (
				CCC0FA25E6417F6ABC80C8D8 /* Pods_iGen.framework */,
				7D124EA656C4C5FC537588DF /* Pods_iGenTests.framework */,
				18BA21222B5E094F14BCB6B5 /* Pods_iGenUITests.framework */,
			);
			name = Frameworks;
			sourceTree = "<group>";
		};
		553D503B22EA570D00EFFCC2 /* Tutotrial Code */ = {
			isa = PBXGroup;
			children = (
				553D503C22EA573700EFFCC2 /* TutorialViewController.swift */,
				553D504022EA5CCB00EFFCC2 /* Slide.swift */,
				553D504222EA5D1200EFFCC2 /* Slide.xib */,
			);
			path = "Tutotrial Code";
			sourceTree = "<group>";
		};
		7F16DE2081B8A5F2841E885E /* Pods */ = {
			isa = PBXGroup;
			children = (
				185DC57B80D1494A4B6E3A8C /* Pods-iGen.debug.xcconfig */,
				226A9A9229CB0F8EB5FA0FEF /* Pods-iGen.release.xcconfig */,
				6481EA1BE883923E34359232 /* Pods-iGenTests.debug.xcconfig */,
				2E4ADB65A4B790304DD751A0 /* Pods-iGenTests.release.xcconfig */,
				02440AB8AAEBC0E28B645667 /* Pods-iGenUITests.debug.xcconfig */,
				66FCB0F6BAFC8FE7802F9F82 /* Pods-iGenUITests.release.xcconfig */,
			);
			path = Pods;
			sourceTree = "<group>";
		};
		8F8F515722E2669800623B34 = {
			isa = PBXGroup;
			children = (
				8F8F516222E2669800623B34 /* iGen */,
				8F8F517722E2669A00623B34 /* iGenTests */,
				8F8F518222E2669A00623B34 /* iGenUITests */,
				8F8F516122E2669800623B34 /* Products */,
				7F16DE2081B8A5F2841E885E /* Pods */,
				531376230F15EBD73A83B2DD /* Frameworks */,
			);
			sourceTree = "<group>";
		};
		8F8F516122E2669800623B34 /* Products */ = {
			isa = PBXGroup;
			children = (
				8F8F516022E2669800623B34 /* iGen.app */,
				8F8F517422E2669A00623B34 /* iGenTests.xctest */,
				8F8F517F22E2669A00623B34 /* iGenUITests.xctest */,
			);
			name = Products;
			sourceTree = "<group>";
		};
		8F8F516222E2669800623B34 /* iGen */ = {
			isa = PBXGroup;
			children = (
				8F8F516322E2669800623B34 /* AppDelegate.swift */,
				8F8F516722E2669800623B34 /* Main.storyboard */,
				3F3A11CF22EA4CF3005F4ACA /* Quest.storyboard */,
				3F3A11D122EA5068005F4ACA /* Sara.storyboard */,
				553D503B22EA570D00EFFCC2 /* Tutotrial Code */,
				3F3A11D322EA523D005F4ACA /* Lia.storyboard */,
				AE1581DC22EB788A00ED9427 /* liaAlertPasswordViewController.swift */,
				3F3A11D522EA5248005F4ACA /* Daniel.storyboard */,
				3F83306722E6192C0067CBFB /* ViewController.swift */,
				AEC64C1422EA63AC00D5DC37 /* liaSettingViewController.swift */,
				8F8F516A22E2669A00623B34 /* Assets.xcassets */,
				8F8F516C22E2669A00623B34 /* LaunchScreen.storyboard */,
				8F8F516F22E2669A00623B34 /* Info.plist */,
				3F89210D22E6187300EF2193 /* GoogleService-Info.plist */,
				3FA80C3922E7B8E400B36517 /* Quests.swift */,
				3FA80C3B22E7B90000B36517 /* QuestsViewController.swift */,
				8F06438C22EF93A5001CF78D /* editQuestViewController.swift */,
				3FA80C3D22E7B91900B36517 /* addQuestViewController.swift */,
				3FA80C3F22E7B93300B36517 /* SectionList.swift */,
				8F4BEA1822E8CF76006A9CFB /* DesignHelper.swift */,
				AEC64C1622EA64CF00D5DC37 /* MyCustomTableViewCell.swift */,
				AEC64C1722EA64CF00D5DC37 /* MyCustomTableViewCell.xib */,
			);
			path = iGen;
			sourceTree = "<group>";
		};
		8F8F517722E2669A00623B34 /* iGenTests */ = {
			isa = PBXGroup;
			children = (
				8F8F517822E2669A00623B34 /* iGenTests.swift */,
				8F8F517A22E2669A00623B34 /* Info.plist */,
			);
			path = iGenTests;
			sourceTree = "<group>";
		};
		8F8F518222E2669A00623B34 /* iGenUITests */ = {
			isa = PBXGroup;
			children = (
				8F8F518322E2669A00623B34 /* iGenUITests.swift */,
				8F8F518522E2669A00623B34 /* Info.plist */,
			);
			path = iGenUITests;
			sourceTree = "<group>";
		};
/* End PBXGroup section */

/* Begin PBXNativeTarget section */
		8F8F515F22E2669800623B34 /* iGen */ = {
			isa = PBXNativeTarget;
			buildConfigurationList = 8F8F518822E2669A00623B34 /* Build configuration list for PBXNativeTarget "iGen" */;
			buildPhases = (
				49E9864106274B89002EDF96 /* [CP] Check Pods Manifest.lock */,
				8F8F515C22E2669800623B34 /* Sources */,
				8F8F515D22E2669800623B34 /* Frameworks */,
				8F8F515E22E2669800623B34 /* Resources */,
				412AE346D2EE29DB43CC39A0 /* [CP] Embed Pods Frameworks */,
			);
			buildRules = (
			);
			dependencies = (
			);
			name = iGen;
			productName = iGen;
			productReference = 8F8F516022E2669800623B34 /* iGen.app */;
			productType = "com.apple.product-type.application";
		};
		8F8F517322E2669A00623B34 /* iGenTests */ = {
			isa = PBXNativeTarget;
			buildConfigurationList = 8F8F518B22E2669A00623B34 /* Build configuration list for PBXNativeTarget "iGenTests" */;
			buildPhases = (
				17B06CDA55C35E54A2C4520D /* [CP] Check Pods Manifest.lock */,
				8F8F517022E2669A00623B34 /* Sources */,
				8F8F517122E2669A00623B34 /* Frameworks */,
				8F8F517222E2669A00623B34 /* Resources */,
			);
			buildRules = (
			);
			dependencies = (
				8F8F517622E2669A00623B34 /* PBXTargetDependency */,
			);
			name = iGenTests;
			productName = iGenTests;
			productReference = 8F8F517422E2669A00623B34 /* iGenTests.xctest */;
			productType = "com.apple.product-type.bundle.unit-test";
		};
		8F8F517E22E2669A00623B34 /* iGenUITests */ = {
			isa = PBXNativeTarget;
			buildConfigurationList = 8F8F518E22E2669A00623B34 /* Build configuration list for PBXNativeTarget "iGenUITests" */;
			buildPhases = (
				6961AF2D6595E49FE8B49AEC /* [CP] Check Pods Manifest.lock */,
				8F8F517B22E2669A00623B34 /* Sources */,
				8F8F517C22E2669A00623B34 /* Frameworks */,
				8F8F517D22E2669A00623B34 /* Resources */,
			);
			buildRules = (
			);
			dependencies = (
				8F8F518122E2669A00623B34 /* PBXTargetDependency */,
			);
			name = iGenUITests;
			productName = iGenUITests;
			productReference = 8F8F517F22E2669A00623B34 /* iGenUITests.xctest */;
			productType = "com.apple.product-type.bundle.ui-testing";
		};
/* End PBXNativeTarget section */

/* Begin PBXProject section */
		8F8F515822E2669800623B34 /* Project object */ = {
			isa = PBXProject;
			attributes = {
				LastSwiftUpdateCheck = 1020;
				LastUpgradeCheck = 1020;
				ORGANIZATIONNAME = "Lucas Mudo de Araujo";
				TargetAttributes = {
					8F8F515F22E2669800623B34 = {
						CreatedOnToolsVersion = 10.2.1;
					};
					8F8F517322E2669A00623B34 = {
						CreatedOnToolsVersion = 10.2.1;
						TestTargetID = 8F8F515F22E2669800623B34;
					};
					8F8F517E22E2669A00623B34 = {
						CreatedOnToolsVersion = 10.2.1;
						TestTargetID = 8F8F515F22E2669800623B34;
					};
				};
			};
			buildConfigurationList = 8F8F515B22E2669800623B34 /* Build configuration list for PBXProject "iGen" */;
			compatibilityVersion = "Xcode 9.3";
			developmentRegion = en;
			hasScannedForEncodings = 0;
			knownRegions = (
				en,
				Base,
			);
			mainGroup = 8F8F515722E2669800623B34;
			productRefGroup = 8F8F516122E2669800623B34 /* Products */;
			projectDirPath = "";
			projectRoot = "";
			targets = (
				8F8F515F22E2669800623B34 /* iGen */,
				8F8F517322E2669A00623B34 /* iGenTests */,
				8F8F517E22E2669A00623B34 /* iGenUITests */,
			);
		};
/* End PBXProject section */

/* Begin PBXResourcesBuildPhase section */
		8F8F515E22E2669800623B34 /* Resources */ = {
			isa = PBXResourcesBuildPhase;
			buildActionMask = 2147483647;
			files = (
				8F8F516E22E2669A00623B34 /* LaunchScreen.storyboard in Resources */,
				3F3A11D222EA5068005F4ACA /* Sara.storyboard in Resources */,
				3F89210E22E6187300EF2193 /* GoogleService-Info.plist in Resources */,
				3F3A11D022EA4CF3005F4ACA /* Quest.storyboard in Resources */,
				3F3A11D422EA523D005F4ACA /* Lia.storyboard in Resources */,
				3F3A11D622EA5248005F4ACA /* Daniel.storyboard in Resources */,
				AEC64C1922EA64CF00D5DC37 /* MyCustomTableViewCell.xib in Resources */,
				8F8F516B22E2669A00623B34 /* Assets.xcassets in Resources */,
				8F8F516922E2669800623B34 /* Main.storyboard in Resources */,
				553D504322EA5D1200EFFCC2 /* Slide.xib in Resources */,
			);
			runOnlyForDeploymentPostprocessing = 0;
		};
		8F8F517222E2669A00623B34 /* Resources */ = {
			isa = PBXResourcesBuildPhase;
			buildActionMask = 2147483647;
			files = (
			);
			runOnlyForDeploymentPostprocessing = 0;
		};
		8F8F517D22E2669A00623B34 /* Resources */ = {
			isa = PBXResourcesBuildPhase;
			buildActionMask = 2147483647;
			files = (
			);
			runOnlyForDeploymentPostprocessing = 0;
		};
/* End PBXResourcesBuildPhase section */

/* Begin PBXShellScriptBuildPhase section */
		17B06CDA55C35E54A2C4520D /* [CP] Check Pods Manifest.lock */ = {
			isa = PBXShellScriptBuildPhase;
			buildActionMask = 2147483647;
			files = (
			);
			inputFileListPaths = (
			);
			inputPaths = (
				"${PODS_PODFILE_DIR_PATH}/Podfile.lock",
				"${PODS_ROOT}/Manifest.lock",
			);
			name = "[CP] Check Pods Manifest.lock";
			outputFileListPaths = (
			);
			outputPaths = (
				"$(DERIVED_FILE_DIR)/Pods-iGenTests-checkManifestLockResult.txt",
			);
			runOnlyForDeploymentPostprocessing = 0;
			shellPath = /bin/sh;
			shellScript = "diff \"${PODS_PODFILE_DIR_PATH}/Podfile.lock\" \"${PODS_ROOT}/Manifest.lock\" > /dev/null\nif [ $? != 0 ] ; then\n    # print error to STDERR\n    echo \"error: The sandbox is not in sync with the Podfile.lock. Run 'pod install' or update your CocoaPods installation.\" >&2\n    exit 1\nfi\n# This output is used by Xcode 'outputs' to avoid re-running this script phase.\necho \"SUCCESS\" > \"${SCRIPT_OUTPUT_FILE_0}\"\n";
			showEnvVarsInLog = 0;
		};
		412AE346D2EE29DB43CC39A0 /* [CP] Embed Pods Frameworks */ = {
			isa = PBXShellScriptBuildPhase;
			buildActionMask = 2147483647;
			files = (
			);
			inputFileListPaths = (
				"${PODS_ROOT}/Target Support Files/Pods-iGen/Pods-iGen-frameworks-${CONFIGURATION}-input-files.xcfilelist",
			);
			name = "[CP] Embed Pods Frameworks";
			outputFileListPaths = (
				"${PODS_ROOT}/Target Support Files/Pods-iGen/Pods-iGen-frameworks-${CONFIGURATION}-output-files.xcfilelist",
			);
			runOnlyForDeploymentPostprocessing = 0;
			shellPath = /bin/sh;
			shellScript = "\"${PODS_ROOT}/Target Support Files/Pods-iGen/Pods-iGen-frameworks.sh\"\n";
			showEnvVarsInLog = 0;
		};
		49E9864106274B89002EDF96 /* [CP] Check Pods Manifest.lock */ = {
			isa = PBXShellScriptBuildPhase;
			buildActionMask = 2147483647;
			files = (
			);
			inputFileListPaths = (
			);
			inputPaths = (
				"${PODS_PODFILE_DIR_PATH}/Podfile.lock",
				"${PODS_ROOT}/Manifest.lock",
			);
			name = "[CP] Check Pods Manifest.lock";
			outputFileListPaths = (
			);
			outputPaths = (
				"$(DERIVED_FILE_DIR)/Pods-iGen-checkManifestLockResult.txt",
			);
			runOnlyForDeploymentPostprocessing = 0;
			shellPath = /bin/sh;
			shellScript = "diff \"${PODS_PODFILE_DIR_PATH}/Podfile.lock\" \"${PODS_ROOT}/Manifest.lock\" > /dev/null\nif [ $? != 0 ] ; then\n    # print error to STDERR\n    echo \"error: The sandbox is not in sync with the Podfile.lock. Run 'pod install' or update your CocoaPods installation.\" >&2\n    exit 1\nfi\n# This output is used by Xcode 'outputs' to avoid re-running this script phase.\necho \"SUCCESS\" > \"${SCRIPT_OUTPUT_FILE_0}\"\n";
			showEnvVarsInLog = 0;
		};
		6961AF2D6595E49FE8B49AEC /* [CP] Check Pods Manifest.lock */ = {
			isa = PBXShellScriptBuildPhase;
			buildActionMask = 2147483647;
			files = (
			);
			inputFileListPaths = (
			);
			inputPaths = (
				"${PODS_PODFILE_DIR_PATH}/Podfile.lock",
				"${PODS_ROOT}/Manifest.lock",
			);
			name = "[CP] Check Pods Manifest.lock";
			outputFileListPaths = (
			);
			outputPaths = (
				"$(DERIVED_FILE_DIR)/Pods-iGenUITests-checkManifestLockResult.txt",
			);
			runOnlyForDeploymentPostprocessing = 0;
			shellPath = /bin/sh;
			shellScript = "diff \"${PODS_PODFILE_DIR_PATH}/Podfile.lock\" \"${PODS_ROOT}/Manifest.lock\" > /dev/null\nif [ $? != 0 ] ; then\n    # print error to STDERR\n    echo \"error: The sandbox is not in sync with the Podfile.lock. Run 'pod install' or update your CocoaPods installation.\" >&2\n    exit 1\nfi\n# This output is used by Xcode 'outputs' to avoid re-running this script phase.\necho \"SUCCESS\" > \"${SCRIPT_OUTPUT_FILE_0}\"\n";
			showEnvVarsInLog = 0;
		};
/* End PBXShellScriptBuildPhase section */

/* Begin PBXSourcesBuildPhase section */
		8F8F515C22E2669800623B34 /* Sources */ = {
			isa = PBXSourcesBuildPhase;
			buildActionMask = 2147483647;
			files = (
				3FA80C3A22E7B8E400B36517 /* Quests.swift in Sources */,
				3FA80C3C22E7B90000B36517 /* QuestsViewController.swift in Sources */,
				553D503D22EA573700EFFCC2 /* TutorialViewController.swift in Sources */,
				AE1581DD22EB788A00ED9427 /* liaAlertPasswordViewController.swift in Sources */,
				3F83306822E6192C0067CBFB /* ViewController.swift in Sources */,
				8F06438D22EF93A5001CF78D /* editQuestViewController.swift in Sources */,
				8F4BEA1922E8CF76006A9CFB /* DesignHelper.swift in Sources */,
				AEC64C1522EA63AC00D5DC37 /* liaSettingViewController.swift in Sources */,
				AEC64C1822EA64CF00D5DC37 /* MyCustomTableViewCell.swift in Sources */,
				3FA80C4022E7B93300B36517 /* SectionList.swift in Sources */,
				553D504122EA5CCB00EFFCC2 /* Slide.swift in Sources */,
				8F8F516422E2669800623B34 /* AppDelegate.swift in Sources */,
				3FA80C3E22E7B91900B36517 /* addQuestViewController.swift in Sources */,
			);
			runOnlyForDeploymentPostprocessing = 0;
		};
		8F8F517022E2669A00623B34 /* Sources */ = {
			isa = PBXSourcesBuildPhase;
			buildActionMask = 2147483647;
			files = (
				8F8F517922E2669A00623B34 /* iGenTests.swift in Sources */,
			);
			runOnlyForDeploymentPostprocessing = 0;
		};
		8F8F517B22E2669A00623B34 /* Sources */ = {
			isa = PBXSourcesBuildPhase;
			buildActionMask = 2147483647;
			files = (
				8F8F518422E2669A00623B34 /* iGenUITests.swift in Sources */,
			);
			runOnlyForDeploymentPostprocessing = 0;
		};
/* End PBXSourcesBuildPhase section */

/* Begin PBXTargetDependency section */
		8F8F517622E2669A00623B34 /* PBXTargetDependency */ = {
			isa = PBXTargetDependency;
			target = 8F8F515F22E2669800623B34 /* iGen */;
			targetProxy = 8F8F517522E2669A00623B34 /* PBXContainerItemProxy */;
		};
		8F8F518122E2669A00623B34 /* PBXTargetDependency */ = {
			isa = PBXTargetDependency;
			target = 8F8F515F22E2669800623B34 /* iGen */;
			targetProxy = 8F8F518022E2669A00623B34 /* PBXContainerItemProxy */;
		};
/* End PBXTargetDependency section */

/* Begin PBXVariantGroup section */
		8F8F516722E2669800623B34 /* Main.storyboard */ = {
			isa = PBXVariantGroup;
			children = (
				8F8F516822E2669800623B34 /* Base */,
			);
			name = Main.storyboard;
			sourceTree = "<group>";
		};
		8F8F516C22E2669A00623B34 /* LaunchScreen.storyboard */ = {
			isa = PBXVariantGroup;
			children = (
				8F8F516D22E2669A00623B34 /* Base */,
			);
			name = LaunchScreen.storyboard;
			sourceTree = "<group>";
		};
/* End PBXVariantGroup section */

/* Begin XCBuildConfiguration section */
		8F8F518622E2669A00623B34 /* Debug */ = {
			isa = XCBuildConfiguration;
			buildSettings = {
				ALWAYS_SEARCH_USER_PATHS = NO;
				CLANG_ANALYZER_NONNULL = YES;
				CLANG_ANALYZER_NUMBER_OBJECT_CONVERSION = YES_AGGRESSIVE;
				CLANG_CXX_LANGUAGE_STANDARD = "gnu++14";
				CLANG_CXX_LIBRARY = "libc++";
				CLANG_ENABLE_MODULES = YES;
				CLANG_ENABLE_OBJC_ARC = YES;
				CLANG_ENABLE_OBJC_WEAK = YES;
				CLANG_WARN_BLOCK_CAPTURE_AUTORELEASING = YES;
				CLANG_WARN_BOOL_CONVERSION = YES;
				CLANG_WARN_COMMA = YES;
				CLANG_WARN_CONSTANT_CONVERSION = YES;
				CLANG_WARN_DEPRECATED_OBJC_IMPLEMENTATIONS = YES;
				CLANG_WARN_DIRECT_OBJC_ISA_USAGE = YES_ERROR;
				CLANG_WARN_DOCUMENTATION_COMMENTS = YES;
				CLANG_WARN_EMPTY_BODY = YES;
				CLANG_WARN_ENUM_CONVERSION = YES;
				CLANG_WARN_INFINITE_RECURSION = YES;
				CLANG_WARN_INT_CONVERSION = YES;
				CLANG_WARN_NON_LITERAL_NULL_CONVERSION = YES;
				CLANG_WARN_OBJC_IMPLICIT_RETAIN_SELF = YES;
				CLANG_WARN_OBJC_LITERAL_CONVERSION = YES;
				CLANG_WARN_OBJC_ROOT_CLASS = YES_ERROR;
				CLANG_WARN_RANGE_LOOP_ANALYSIS = YES;
				CLANG_WARN_STRICT_PROTOTYPES = YES;
				CLANG_WARN_SUSPICIOUS_MOVE = YES;
				CLANG_WARN_UNGUARDED_AVAILABILITY = YES_AGGRESSIVE;
				CLANG_WARN_UNREACHABLE_CODE = YES;
				CLANG_WARN__DUPLICATE_METHOD_MATCH = YES;
				CODE_SIGN_IDENTITY = "iPhone Developer";
				COPY_PHASE_STRIP = NO;
				DEBUG_INFORMATION_FORMAT = dwarf;
				ENABLE_STRICT_OBJC_MSGSEND = YES;
				ENABLE_TESTABILITY = YES;
				GCC_C_LANGUAGE_STANDARD = gnu11;
				GCC_DYNAMIC_NO_PIC = NO;
				GCC_NO_COMMON_BLOCKS = YES;
				GCC_OPTIMIZATION_LEVEL = 0;
				GCC_PREPROCESSOR_DEFINITIONS = (
					"DEBUG=1",
					"$(inherited)",
				);
				GCC_WARN_64_TO_32_BIT_CONVERSION = YES;
				GCC_WARN_ABOUT_RETURN_TYPE = YES_ERROR;
				GCC_WARN_UNDECLARED_SELECTOR = YES;
				GCC_WARN_UNINITIALIZED_AUTOS = YES_AGGRESSIVE;
				GCC_WARN_UNUSED_FUNCTION = YES;
				GCC_WARN_UNUSED_VARIABLE = YES;
				IPHONEOS_DEPLOYMENT_TARGET = 12.2;
				MTL_ENABLE_DEBUG_INFO = INCLUDE_SOURCE;
				MTL_FAST_MATH = YES;
				ONLY_ACTIVE_ARCH = YES;
				SDKROOT = iphoneos;
				SWIFT_ACTIVE_COMPILATION_CONDITIONS = DEBUG;
				SWIFT_OPTIMIZATION_LEVEL = "-Onone";
			};
			name = Debug;
		};
		8F8F518722E2669A00623B34 /* Release */ = {
			isa = XCBuildConfiguration;
			buildSettings = {
				ALWAYS_SEARCH_USER_PATHS = NO;
				CLANG_ANALYZER_NONNULL = YES;
				CLANG_ANALYZER_NUMBER_OBJECT_CONVERSION = YES_AGGRESSIVE;
				CLANG_CXX_LANGUAGE_STANDARD = "gnu++14";
				CLANG_CXX_LIBRARY = "libc++";
				CLANG_ENABLE_MODULES = YES;
				CLANG_ENABLE_OBJC_ARC = YES;
				CLANG_ENABLE_OBJC_WEAK = YES;
				CLANG_WARN_BLOCK_CAPTURE_AUTORELEASING = YES;
				CLANG_WARN_BOOL_CONVERSION = YES;
				CLANG_WARN_COMMA = YES;
				CLANG_WARN_CONSTANT_CONVERSION = YES;
				CLANG_WARN_DEPRECATED_OBJC_IMPLEMENTATIONS = YES;
				CLANG_WARN_DIRECT_OBJC_ISA_USAGE = YES_ERROR;
				CLANG_WARN_DOCUMENTATION_COMMENTS = YES;
				CLANG_WARN_EMPTY_BODY = YES;
				CLANG_WARN_ENUM_CONVERSION = YES;
				CLANG_WARN_INFINITE_RECURSION = YES;
				CLANG_WARN_INT_CONVERSION = YES;
				CLANG_WARN_NON_LITERAL_NULL_CONVERSION = YES;
				CLANG_WARN_OBJC_IMPLICIT_RETAIN_SELF = YES;
				CLANG_WARN_OBJC_LITERAL_CONVERSION = YES;
				CLANG_WARN_OBJC_ROOT_CLASS = YES_ERROR;
				CLANG_WARN_RANGE_LOOP_ANALYSIS = YES;
				CLANG_WARN_STRICT_PROTOTYPES = YES;
				CLANG_WARN_SUSPICIOUS_MOVE = YES;
				CLANG_WARN_UNGUARDED_AVAILABILITY = YES_AGGRESSIVE;
				CLANG_WARN_UNREACHABLE_CODE = YES;
				CLANG_WARN__DUPLICATE_METHOD_MATCH = YES;
				CODE_SIGN_IDENTITY = "iPhone Developer";
				COPY_PHASE_STRIP = NO;
				DEBUG_INFORMATION_FORMAT = "dwarf-with-dsym";
				ENABLE_NS_ASSERTIONS = NO;
				ENABLE_STRICT_OBJC_MSGSEND = YES;
				GCC_C_LANGUAGE_STANDARD = gnu11;
				GCC_NO_COMMON_BLOCKS = YES;
				GCC_WARN_64_TO_32_BIT_CONVERSION = YES;
				GCC_WARN_ABOUT_RETURN_TYPE = YES_ERROR;
				GCC_WARN_UNDECLARED_SELECTOR = YES;
				GCC_WARN_UNINITIALIZED_AUTOS = YES_AGGRESSIVE;
				GCC_WARN_UNUSED_FUNCTION = YES;
				GCC_WARN_UNUSED_VARIABLE = YES;
				IPHONEOS_DEPLOYMENT_TARGET = 12.2;
				MTL_ENABLE_DEBUG_INFO = NO;
				MTL_FAST_MATH = YES;
				SDKROOT = iphoneos;
				SWIFT_COMPILATION_MODE = wholemodule;
				SWIFT_OPTIMIZATION_LEVEL = "-O";
				VALIDATE_PRODUCT = YES;
			};
			name = Release;
		};
		8F8F518922E2669A00623B34 /* Debug */ = {
			isa = XCBuildConfiguration;
			baseConfigurationReference = 185DC57B80D1494A4B6E3A8C /* Pods-iGen.debug.xcconfig */;
			buildSettings = {
				ASSETCATALOG_COMPILER_APPICON_NAME = AppIcon;
				CODE_SIGN_STYLE = Automatic;
				DEVELOPMENT_TEAM = 8DTJ35SZQ7;
				INFOPLIST_FILE = iGen/Info.plist;
				LD_RUNPATH_SEARCH_PATHS = (
					"$(inherited)",
					"@executable_path/Frameworks",
				);
				PRODUCT_BUNDLE_IDENTIFIER = com.mudolucas.iGen;
				PRODUCT_NAME = "$(TARGET_NAME)";
				SWIFT_VERSION = 5.0;
				TARGETED_DEVICE_FAMILY = "1,2";
			};
			name = Debug;
		};
		8F8F518A22E2669A00623B34 /* Release */ = {
			isa = XCBuildConfiguration;
			baseConfigurationReference = 226A9A9229CB0F8EB5FA0FEF /* Pods-iGen.release.xcconfig */;
			buildSettings = {
				ASSETCATALOG_COMPILER_APPICON_NAME = AppIcon;
				CODE_SIGN_STYLE = Automatic;
				DEVELOPMENT_TEAM = 8DTJ35SZQ7;
				INFOPLIST_FILE = iGen/Info.plist;
				LD_RUNPATH_SEARCH_PATHS = (
					"$(inherited)",
					"@executable_path/Frameworks",
				);
				PRODUCT_BUNDLE_IDENTIFIER = com.mudolucas.iGen;
				PRODUCT_NAME = "$(TARGET_NAME)";
				SWIFT_VERSION = 5.0;
				TARGETED_DEVICE_FAMILY = "1,2";
			};
			name = Release;
		};
		8F8F518C22E2669A00623B34 /* Debug */ = {
			isa = XCBuildConfiguration;
			baseConfigurationReference = 6481EA1BE883923E34359232 /* Pods-iGenTests.debug.xcconfig */;
			buildSettings = {
				ALWAYS_EMBED_SWIFT_STANDARD_LIBRARIES = YES;
				BUNDLE_LOADER = "$(TEST_HOST)";
				CODE_SIGN_STYLE = Automatic;
				DEVELOPMENT_TEAM = 6UZC92689U;
				INFOPLIST_FILE = iGenTests/Info.plist;
				LD_RUNPATH_SEARCH_PATHS = (
					"$(inherited)",
					"@executable_path/Frameworks",
					"@loader_path/Frameworks",
				);
				PRODUCT_BUNDLE_IDENTIFIER = com.mudolucas.iGenTests;
				PRODUCT_NAME = "$(TARGET_NAME)";
				SWIFT_VERSION = 5.0;
				TARGETED_DEVICE_FAMILY = "1,2";
				TEST_HOST = "$(BUILT_PRODUCTS_DIR)/iGen.app/iGen";
			};
			name = Debug;
		};
		8F8F518D22E2669A00623B34 /* Release */ = {
			isa = XCBuildConfiguration;
			baseConfigurationReference = 2E4ADB65A4B790304DD751A0 /* Pods-iGenTests.release.xcconfig */;
			buildSettings = {
				ALWAYS_EMBED_SWIFT_STANDARD_LIBRARIES = YES;
				BUNDLE_LOADER = "$(TEST_HOST)";
				CODE_SIGN_STYLE = Automatic;
				DEVELOPMENT_TEAM = 6UZC92689U;
				INFOPLIST_FILE = iGenTests/Info.plist;
				LD_RUNPATH_SEARCH_PATHS = (
					"$(inherited)",
					"@executable_path/Frameworks",
					"@loader_path/Frameworks",
				);
				PRODUCT_BUNDLE_IDENTIFIER = com.mudolucas.iGenTests;
				PRODUCT_NAME = "$(TARGET_NAME)";
				SWIFT_VERSION = 5.0;
				TARGETED_DEVICE_FAMILY = "1,2";
				TEST_HOST = "$(BUILT_PRODUCTS_DIR)/iGen.app/iGen";
			};
			name = Release;
		};
		8F8F518F22E2669A00623B34 /* Debug */ = {
			isa = XCBuildConfiguration;
			baseConfigurationReference = 02440AB8AAEBC0E28B645667 /* Pods-iGenUITests.debug.xcconfig */;
			buildSettings = {
				ALWAYS_EMBED_SWIFT_STANDARD_LIBRARIES = YES;
				CODE_SIGN_STYLE = Automatic;
				DEVELOPMENT_TEAM = 6UZC92689U;
				INFOPLIST_FILE = iGenUITests/Info.plist;
				LD_RUNPATH_SEARCH_PATHS = (
					"$(inherited)",
					"@executable_path/Frameworks",
					"@loader_path/Frameworks",
				);
				PRODUCT_BUNDLE_IDENTIFIER = com.mudolucas.iGenUITests;
				PRODUCT_NAME = "$(TARGET_NAME)";
				SWIFT_VERSION = 5.0;
				TARGETED_DEVICE_FAMILY = "1,2";
				TEST_TARGET_NAME = iGen;
			};
			name = Debug;
		};
		8F8F519022E2669A00623B34 /* Release */ = {
			isa = XCBuildConfiguration;
			baseConfigurationReference = 66FCB0F6BAFC8FE7802F9F82 /* Pods-iGenUITests.release.xcconfig */;
			buildSettings = {
				ALWAYS_EMBED_SWIFT_STANDARD_LIBRARIES = YES;
				CODE_SIGN_STYLE = Automatic;
				DEVELOPMENT_TEAM = 6UZC92689U;
				INFOPLIST_FILE = iGenUITests/Info.plist;
				LD_RUNPATH_SEARCH_PATHS = (
					"$(inherited)",
					"@executable_path/Frameworks",
					"@loader_path/Frameworks",
				);
				PRODUCT_BUNDLE_IDENTIFIER = com.mudolucas.iGenUITests;
				PRODUCT_NAME = "$(TARGET_NAME)";
				SWIFT_VERSION = 5.0;
				TARGETED_DEVICE_FAMILY = "1,2";
				TEST_TARGET_NAME = iGen;
			};
			name = Release;
		};
/* End XCBuildConfiguration section */

/* Begin XCConfigurationList section */
		8F8F515B22E2669800623B34 /* Build configuration list for PBXProject "iGen" */ = {
			isa = XCConfigurationList;
			buildConfigurations = (
				8F8F518622E2669A00623B34 /* Debug */,
				8F8F518722E2669A00623B34 /* Release */,
			);
			defaultConfigurationIsVisible = 0;
			defaultConfigurationName = Release;
		};
		8F8F518822E2669A00623B34 /* Build configuration list for PBXNativeTarget "iGen" */ = {
			isa = XCConfigurationList;
			buildConfigurations = (
				8F8F518922E2669A00623B34 /* Debug */,
				8F8F518A22E2669A00623B34 /* Release */,
			);
			defaultConfigurationIsVisible = 0;
			defaultConfigurationName = Release;
		};
		8F8F518B22E2669A00623B34 /* Build configuration list for PBXNativeTarget "iGenTests" */ = {
			isa = XCConfigurationList;
			buildConfigurations = (
				8F8F518C22E2669A00623B34 /* Debug */,
				8F8F518D22E2669A00623B34 /* Release */,
			);
			defaultConfigurationIsVisible = 0;
			defaultConfigurationName = Release;
		};
		8F8F518E22E2669A00623B34 /* Build configuration list for PBXNativeTarget "iGenUITests" */ = {
			isa = XCConfigurationList;
			buildConfigurations = (
				8F8F518F22E2669A00623B34 /* Debug */,
				8F8F519022E2669A00623B34 /* Release */,
			);
			defaultConfigurationIsVisible = 0;
			defaultConfigurationName = Release;
		};
/* End XCConfigurationList section */
	};
	rootObject = 8F8F515822E2669800623B34 /* Project object */;
}
